
Microsoft Visual Studio Solution File, Format Version 12.00
# Visual Studio 15
VisualStudioVersion = 15.0.28010.2050
MinimumVisualStudioVersion = 10.0.40219.1
Project("{151D2E53-A2C4-4D7D-83FE-D05416EBD58E}") = "NegativeFeedback.Apps", "NegativeFeedback.Apps\NegativeFeedback.Apps.deployproj", "{3D70AD47-7976-4D21-9DB3-91556ED7647C}"
EndProject
Global
	GlobalSection(SolutionConfigurationPlatforms) = preSolution
		Debug|Any CPU = Debug|Any CPU
		Release|Any CPU = Release|Any CPU
	EndGlobalSection
	GlobalSection(ProjectConfigurationPlatforms) = postSolution
		{3D70AD47-7976-4D21-9DB3-91556ED7647C}.Debug|Any CPU.ActiveCfg = Debug|Any CPU
		{3D70AD47-7976-4D21-9DB3-91556ED7647C}.Debug|Any CPU.Build.0 = Debug|Any CPU
		{3D70AD47-7976-4D21-9DB3-91556ED7647C}.Release|Any CPU.ActiveCfg = Release|Any CPU
		{3D70AD47-7976-4D21-9DB3-91556ED7647C}.Release|Any CPU.Build.0 = Release|Any CPU
	EndGlobalSection
	GlobalSection(SolutionProperties) = preSolution
		HideSolutionNode = FALSE
	EndGlobalSection
	GlobalSection(ExtensibilityGlobals) = postSolution
		SolutionGuid = {297A6776-800D-44C5-9CCF-83047E821D0C}
	EndGlobalSection
EndGlobal
